{
  "name": "openopc-trust-vulnerable-lockfile",
  "version": "1.0.0",
  "lockfileVersion": 3,
  "requires": true,
  "packages": {
    "": {
      "name": "openopc-trust-vulnerable-lockfile",
      "version": "1.0.0",
      "dependencies": {
        "lodash": "4.17.20"
      }
    },
    "node_modules/lodash": {
      "version": "4.17.20",
      "resolved": "https://registry.npmjs.org/lodash/-/lodash-4.17.20.tgz",
      "integrity": "sha512-PlhdF0w54Kf7y3Y4ABfdR8vX6tC4J1h7mE4h2aR2uF8wC6Y7g3Q2nM6R8V4pK5jT9fX2uL7cQ8zN1aD5bP3vQw=="
    }
  }
}
